// !$*UTF8*$!
{
	archiveVersion = 1;
	classes = {
	};
	objectVersion = 46;
	objects = {

/* Begin PBXBuildFile section */
		AA023A4613D1882C0011C1DC /* SGCoreApplication.h in Headers */ = {isa = PBXBuildFile; fileRef = AA023A4513D1882C0011C1DC /* SGCoreApplication.h */; };
		AA023B7E13D211030011C1DC /* SGNetworkManager.h in Headers */ = {isa = PBXBuildFile; fileRef = AA023B7C13D211030011C1DC /* SGNetworkManager.h */; };
		AA023B7F13D211030011C1DC /* SGNetworkManager.m in Sources */ = {isa = PBXBuildFile; fileRef = AA023B7D13D211030011C1DC /* SGNetworkManager.m */; };
		AA023B8013D211030011C1DC /* SGNetworkManager.m in Sources */ = {isa = PBXBuildFile; fileRef = AA023B7D13D211030011C1DC /* SGNetworkManager.m */; };
		AA3B668D1426C661004B1DE6 /* SGCTHelper.h in Headers */ = {isa = PBXBuildFile; fileRef = AA3B668B1426C661004B1DE6 /* SGCTHelper.h */; };
		AA3B668E1426C661004B1DE6 /* SGCTHelper.m in Sources */ = {isa = PBXBuildFile; fileRef = AA3B668C1426C661004B1DE6 /* SGCTHelper.m */; };
		AA3B668F1426C661004B1DE6 /* SGCTHelper.m in Sources */ = {isa = PBXBuildFile; fileRef = AA3B668C1426C661004B1DE6 /* SGCTHelper.m */; };
		AA96A8EF13CF5FA4007EC384 /* Foundation.framework in Frameworks */ = {isa = PBXBuildFile; fileRef = AA96A8EE13CF5FA4007EC384 /* Foundation.framework */; };
		AA96A8FA13CF5FA5007EC384 /* SenTestingKit.framework in Frameworks */ = {isa = PBXBuildFile; fileRef = AA96A8F913CF5FA5007EC384 /* SenTestingKit.framework */; };
		AA96A8FD13CF5FA5007EC384 /* Foundation.framework in Frameworks */ = {isa = PBXBuildFile; fileRef = AA96A8EE13CF5FA4007EC384 /* Foundation.framework */; };
		AA96A90213CF5FA5007EC384 /* libSGBaseFramework.a in Frameworks */ = {isa = PBXBuildFile; fileRef = AA96A8EB13CF5FA4007EC384 /* libSGBaseFramework.a */; };
		AA96A90813CF5FA5007EC384 /* InfoPlist.strings in Resources */ = {isa = PBXBuildFile; fileRef = AA96A90613CF5FA5007EC384 /* InfoPlist.strings */; };
		AA96A90A13CF5FA5007EC384 /* SGBaseFrameworkTests.h in Resources */ = {isa = PBXBuildFile; fileRef = AA96A90913CF5FA5007EC384 /* SGBaseFrameworkTests.h */; };
		AA96A90C13CF5FA5007EC384 /* SGBaseFrameworkTests.m in Sources */ = {isa = PBXBuildFile; fileRef = AA96A90B13CF5FA5007EC384 /* SGBaseFrameworkTests.m */; };
		AA96A92313CF626E007EC384 /* GTMDefines.h in Headers */ = {isa = PBXBuildFile; fileRef = AA96A91C13CF626E007EC384 /* GTMDefines.h */; };
		AA96A92413CF626E007EC384 /* GTMIPhoneUnitTestDelegate.h in Headers */ = {isa = PBXBuildFile; fileRef = AA96A91D13CF626E007EC384 /* GTMIPhoneUnitTestDelegate.h */; };
		AA96A92613CF626E007EC384 /* GTMIPhoneUnitTestDelegate.m in Sources */ = {isa = PBXBuildFile; fileRef = AA96A91E13CF626E007EC384 /* GTMIPhoneUnitTestDelegate.m */; };
		AA96A92813CF626E007EC384 /* GTMIPhoneUnitTestMain.m in Sources */ = {isa = PBXBuildFile; fileRef = AA96A91F13CF626E007EC384 /* GTMIPhoneUnitTestMain.m */; };
		AA96A92913CF626E007EC384 /* GTMObjectSingleton.h in Headers */ = {isa = PBXBuildFile; fileRef = AA96A92013CF626E007EC384 /* GTMObjectSingleton.h */; };
		AA96A92A13CF626E007EC384 /* GTMSenTestCase.h in Headers */ = {isa = PBXBuildFile; fileRef = AA96A92113CF626E007EC384 /* GTMSenTestCase.h */; };
		AA96A92B13CF626E007EC384 /* GTMSenTestCase.m in Sources */ = {isa = PBXBuildFile; fileRef = AA96A92213CF626E007EC384 /* GTMSenTestCase.m */; };
		AA96A92C13CF626E007EC384 /* GTMSenTestCase.m in Sources */ = {isa = PBXBuildFile; fileRef = AA96A92213CF626E007EC384 /* GTMSenTestCase.m */; };
		AA96A93313CF65BB007EC384 /* SGSafeRelease.h in Headers */ = {isa = PBXBuildFile; fileRef = AA96A93113CF65BB007EC384 /* SGSafeRelease.h */; };
		AA96A94013CF6801007EC384 /* SharedCLController.h in Headers */ = {isa = PBXBuildFile; fileRef = AA96A93E13CF6801007EC384 /* SharedCLController.h */; settings = {ATTRIBUTES = (); }; };
		AA96A94113CF6801007EC384 /* SharedCLController.m in Sources */ = {isa = PBXBuildFile; fileRef = AA96A93F13CF6801007EC384 /* SharedCLController.m */; };
		AA96A94213CF6801007EC384 /* SharedCLController.m in Sources */ = {isa = PBXBuildFile; fileRef = AA96A93F13CF6801007EC384 /* SharedCLController.m */; };
		AA96A94413CF6811007EC384 /* CoreLocation.framework in Frameworks */ = {isa = PBXBuildFile; fileRef = AA96A94313CF6811007EC384 /* CoreLocation.framework */; };
		AA96A94613CF6826007EC384 /* CoreGraphics.framework in Frameworks */ = {isa = PBXBuildFile; fileRef = AA96A94513CF6826007EC384 /* CoreGraphics.framework */; };
		AA96A94813CF6839007EC384 /* UIKit.framework in Frameworks */ = {isa = PBXBuildFile; fileRef = AA96A94713CF6839007EC384 /* UIKit.framework */; };
		AA96A94C13CF812F007EC384 /* NSObject+Extensions.h in Headers */ = {isa = PBXBuildFile; fileRef = AA96A94A13CF812F007EC384 /* NSObject+Extensions.h */; };
		AA96A94D13CF812F007EC384 /* NSObject+Extensions.m in Sources */ = {isa = PBXBuildFile; fileRef = AA96A94B13CF812F007EC384 /* NSObject+Extensions.m */; };
		AA96A94E13CF812F007EC384 /* NSObject+Extensions.m in Sources */ = {isa = PBXBuildFile; fileRef = AA96A94B13CF812F007EC384 /* NSObject+Extensions.m */; };
		AA96A97A13CF8E45007EC384 /* SGBaseFrameworkHeader.h in Headers */ = {isa = PBXBuildFile; fileRef = AA96A97913CF8E45007EC384 /* SGBaseFrameworkHeader.h */; settings = {ATTRIBUTES = (); }; };
		AA96A98613CF92D7007EC384 /* SGDictionaryHelper.m in Sources */ = {isa = PBXBuildFile; fileRef = AA96A98413CF92D7007EC384 /* SGDictionaryHelper.m */; };
		AA96A98713CF92D7007EC384 /* SGDictionaryHelper.m in Sources */ = {isa = PBXBuildFile; fileRef = AA96A98413CF92D7007EC384 /* SGDictionaryHelper.m */; };
		AA96A98813CF92D7007EC384 /* SGDictionaryHelper.h in Headers */ = {isa = PBXBuildFile; fileRef = AA96A98513CF92D7007EC384 /* SGDictionaryHelper.h */; };
		AAC2F29513D23537009D4EE7 /* QHTTPOperation.h in Headers */ = {isa = PBXBuildFile; fileRef = AAC2F29313D23537009D4EE7 /* QHTTPOperation.h */; };
		AAC2F29A13D23558009D4EE7 /* QRunLoopOperation.h in Headers */ = {isa = PBXBuildFile; fileRef = AAC2F29813D23558009D4EE7 /* QRunLoopOperation.h */; };
		AAC2F2A313D23599009D4EE7 /* Logging.h in Headers */ = {isa = PBXBuildFile; fileRef = AAC2F29D13D23598009D4EE7 /* Logging.h */; };
		AAC2F2A413D23599009D4EE7 /* SGQLog.h in Headers */ = {isa = PBXBuildFile; fileRef = AAC2F29E13D23599009D4EE7 /* SGQLog.h */; };
		AAC2F2A513D23599009D4EE7 /* SGQLog.m in Sources */ = {isa = PBXBuildFile; fileRef = AAC2F29F13D23599009D4EE7 /* SGQLog.m */; };
		AAC2F2A613D23599009D4EE7 /* SGQLog.m in Sources */ = {isa = PBXBuildFile; fileRef = AAC2F29F13D23599009D4EE7 /* SGQLog.m */; };
		AAC2F2A713D23599009D4EE7 /* SGQLogViewer.h in Headers */ = {isa = PBXBuildFile; fileRef = AAC2F2A013D23599009D4EE7 /* SGQLogViewer.h */; };
		AAC2F2A813D23599009D4EE7 /* SGQLogViewer.m in Sources */ = {isa = PBXBuildFile; fileRef = AAC2F2A113D23599009D4EE7 /* SGQLogViewer.m */; };
		AAC2F2A913D23599009D4EE7 /* SGQLogViewer.m in Sources */ = {isa = PBXBuildFile; fileRef = AAC2F2A113D23599009D4EE7 /* SGQLogViewer.m */; };
		AAC2F2AA13D23599009D4EE7 /* Settings.bundle in Resources */ = {isa = PBXBuildFile; fileRef = AAC2F2A213D23599009D4EE7 /* Settings.bundle */; };
		AAC2F2AC13D2365F009D4EE7 /* libz.dylib in Frameworks */ = {isa = PBXBuildFile; fileRef = AAC2F2AB13D2365F009D4EE7 /* libz.dylib */; };
		AAE31462148150D0004D2ACD /* SGCoreDataController.h in Headers */ = {isa = PBXBuildFile; fileRef = AAE3145E148150D0004D2ACD /* SGCoreDataController.h */; };
		AAE31463148150D0004D2ACD /* SGCoreDataController.m in Sources */ = {isa = PBXBuildFile; fileRef = AAE3145F148150D0004D2ACD /* SGCoreDataController.m */; };
		AAE31464148150D0004D2ACD /* SGCoreDataController.m in Sources */ = {isa = PBXBuildFile; fileRef = AAE3145F148150D0004D2ACD /* SGCoreDataController.m */; };
		AAE31465148150D0004D2ACD /* SGCoreDataGrandCentralController.h in Headers */ = {isa = PBXBuildFile; fileRef = AAE31460148150D0004D2ACD /* SGCoreDataGrandCentralController.h */; };
		AAE31466148150D0004D2ACD /* SGCoreDataGrandCentralController.m in Sources */ = {isa = PBXBuildFile; fileRef = AAE31461148150D0004D2ACD /* SGCoreDataGrandCentralController.m */; };
		AAE31467148150D0004D2ACD /* SGCoreDataGrandCentralController.m in Sources */ = {isa = PBXBuildFile; fileRef = AAE31461148150D0004D2ACD /* SGCoreDataGrandCentralController.m */; };
		AAE3146A14815118004D2ACD /* RetryingHTTPOperation.h in Headers */ = {isa = PBXBuildFile; fileRef = AAE3146814815116004D2ACD /* RetryingHTTPOperation.h */; };
		AAE3146B14815118004D2ACD /* RetryingHTTPOperation.m in Sources */ = {isa = PBXBuildFile; fileRef = AAE3146914815117004D2ACD /* RetryingHTTPOperation.m */; };
		AAE3146C14815118004D2ACD /* RetryingHTTPOperation.m in Sources */ = {isa = PBXBuildFile; fileRef = AAE3146914815117004D2ACD /* RetryingHTTPOperation.m */; };
		AAE3146F148152A5004D2ACD /* QReachabilityOperation.h in Headers */ = {isa = PBXBuildFile; fileRef = AAE3146D148152A3004D2ACD /* QReachabilityOperation.h */; };
		AAE31470148152A5004D2ACD /* QReachabilityOperation.m in Sources */ = {isa = PBXBuildFile; fileRef = AAE3146E148152A3004D2ACD /* QReachabilityOperation.m */; };
		AAE31471148152A5004D2ACD /* QReachabilityOperation.m in Sources */ = {isa = PBXBuildFile; fileRef = AAE3146E148152A3004D2ACD /* QReachabilityOperation.m */; };
		AAFAF38313D2ED770037EDD2 /* UncaughtExceptionHandler.h in Headers */ = {isa = PBXBuildFile; fileRef = AAFAF38113D2ED770037EDD2 /* UncaughtExceptionHandler.h */; };
		AAFAF38413D2ED770037EDD2 /* UncaughtExceptionHandler.m in Sources */ = {isa = PBXBuildFile; fileRef = AAFAF38213D2ED770037EDD2 /* UncaughtExceptionHandler.m */; };
		AAFAF38513D2ED770037EDD2 /* UncaughtExceptionHandler.m in Sources */ = {isa = PBXBuildFile; fileRef = AAFAF38213D2ED770037EDD2 /* UncaughtExceptionHandler.m */; };
		F5448E2B13D6E314000324D8 /* NSString_EmailTest.m in Sources */ = {isa = PBXBuildFile; fileRef = F5448E2A13D6E314000324D8 /* NSString_EmailTest.m */; };
		F573A67F13D486BF006070A8 /* SGMathShortcuts.h in Headers */ = {isa = PBXBuildFile; fileRef = F573A67E13D486BF006070A8 /* SGMathShortcuts.h */; };
		F59D3C7D141A05EE00C3E3A4 /* SGDHelper.h in Headers */ = {isa = PBXBuildFile; fileRef = F59D3C7B141A05EE00C3E3A4 /* SGDHelper.h */; };
		F59D3C7E141A05EE00C3E3A4 /* SGDHelper.m in Sources */ = {isa = PBXBuildFile; fileRef = F59D3C7C141A05EE00C3E3A4 /* SGDHelper.m */; };
		F5A030C413D031D80046A6DA /* GTMBase64.h in Headers */ = {isa = PBXBuildFile; fileRef = F5A030C213D031D80046A6DA /* GTMBase64.h */; };
		F5A030C513D031D80046A6DA /* GTMBase64.m in Sources */ = {isa = PBXBuildFile; fileRef = F5A030C313D031D80046A6DA /* GTMBase64.m */; };
		F5A030DD13D03C0E0046A6DA /* NSString+EMail.h in Headers */ = {isa = PBXBuildFile; fileRef = F5A030D913D03C0E0046A6DA /* NSString+EMail.h */; };
		F5A030DE13D03C0E0046A6DA /* NSString+EMail.m in Sources */ = {isa = PBXBuildFile; fileRef = F5A030DA13D03C0E0046A6DA /* NSString+EMail.m */; };
		F5A030DF13D03C0E0046A6DA /* NSString+EMail.m in Sources */ = {isa = PBXBuildFile; fileRef = F5A030DA13D03C0E0046A6DA /* NSString+EMail.m */; };
		F5A030E013D03C0E0046A6DA /* NSString+HTML.h in Headers */ = {isa = PBXBuildFile; fileRef = F5A030DB13D03C0E0046A6DA /* NSString+HTML.h */; };
		F5A030E113D03C0E0046A6DA /* NSString+HTML.m in Sources */ = {isa = PBXBuildFile; fileRef = F5A030DC13D03C0E0046A6DA /* NSString+HTML.m */; };
		F5A030E213D03C0E0046A6DA /* NSString+HTML.m in Sources */ = {isa = PBXBuildFile; fileRef = F5A030DC13D03C0E0046A6DA /* NSString+HTML.m */; };
/* End PBXBuildFile section */

/* Begin PBXContainerItemProxy section */
		AA96A90013CF5FA5007EC384 /* PBXContainerItemProxy */ = {
			isa = PBXContainerItemProxy;
			containerPortal = AA96A8E213CF5FA4007EC384 /* Project object */;
			proxyType = 1;
			remoteGlobalIDString = AA96A8EA13CF5FA4007EC384;
			remoteInfo = SGBaseFramework;
		};
/* End PBXContainerItemProxy section */

/* Begin PBXFileReference section */
		AA0239B813D17F7F0011C1DC /* fr */ = {isa = PBXFileReference; lastKnownFileType = text.plist.strings; name = fr; path = /Users/vaseltior/Documents/Projets/GIT_Projects/SGBaseFramework/SGBaseFramework/SGBaseFrameworkTests/fr.lproj/InfoPlist.strings; sourceTree = "<absolute>"; };
		AA023A4513D1882C0011C1DC /* SGCoreApplication.h */ = {isa = PBXFileReference; fileEncoding = 4; lastKnownFileType = sourcecode.c.h; path = SGCoreApplication.h; sourceTree = "<group>"; };
		AA023B7C13D211030011C1DC /* SGNetworkManager.h */ = {isa = PBXFileReference; fileEncoding = 4; lastKnownFileType = sourcecode.c.h; path = SGNetworkManager.h; sourceTree = "<group>"; };
		AA023B7D13D211030011C1DC /* SGNetworkManager.m */ = {isa = PBXFileReference; fileEncoding = 4; lastKnownFileType = sourcecode.c.objc; path = SGNetworkManager.m; sourceTree = "<group>"; };
		AA3B668B1426C661004B1DE6 /* SGCTHelper.h */ = {isa = PBXFileReference; fileEncoding = 4; lastKnownFileType = sourcecode.c.h; path = SGCTHelper.h; sourceTree = "<group>"; };
		AA3B668C1426C661004B1DE6 /* SGCTHelper.m */ = {isa = PBXFileReference; fileEncoding = 4; lastKnownFileType = sourcecode.c.objc; path = SGCTHelper.m; sourceTree = "<group>"; };
		AA96A8EB13CF5FA4007EC384 /* libSGBaseFramework.a */ = {isa = PBXFileReference; explicitFileType = archive.ar; includeInIndex = 0; path = libSGBaseFramework.a; sourceTree = BUILT_PRODUCTS_DIR; };
		AA96A8EE13CF5FA4007EC384 /* Foundation.framework */ = {isa = PBXFileReference; lastKnownFileType = wrapper.framework; name = Foundation.framework; path = System/Library/Frameworks/Foundation.framework; sourceTree = SDKROOT; };
		AA96A8F213CF5FA4007EC384 /* SGBaseFramework-Prefix.pch */ = {isa = PBXFileReference; lastKnownFileType = sourcecode.c.h; path = "SGBaseFramework-Prefix.pch"; sourceTree = "<group>"; };
		AA96A8F813CF5FA5007EC384 /* SGBaseFrameworkTests.octest */ = {isa = PBXFileReference; explicitFileType = wrapper.cfbundle; includeInIndex = 0; path = SGBaseFrameworkTests.octest; sourceTree = BUILT_PRODUCTS_DIR; };
		AA96A8F913CF5FA5007EC384 /* SenTestingKit.framework */ = {isa = PBXFileReference; lastKnownFileType = wrapper.framework; name = SenTestingKit.framework; path = Library/Frameworks/SenTestingKit.framework; sourceTree = DEVELOPER_DIR; };
		AA96A90513CF5FA5007EC384 /* SGBaseFrameworkTests-Info.plist */ = {isa = PBXFileReference; lastKnownFileType = text.plist.xml; path = "SGBaseFrameworkTests-Info.plist"; sourceTree = "<group>"; };
		AA96A90713CF5FA5007EC384 /* en */ = {isa = PBXFileReference; lastKnownFileType = text.plist.strings; name = en; path = en.lproj/InfoPlist.strings; sourceTree = "<group>"; };
		AA96A90913CF5FA5007EC384 /* SGBaseFrameworkTests.h */ = {isa = PBXFileReference; lastKnownFileType = sourcecode.c.h; path = SGBaseFrameworkTests.h; sourceTree = "<group>"; };
		AA96A90B13CF5FA5007EC384 /* SGBaseFrameworkTests.m */ = {isa = PBXFileReference; lastKnownFileType = sourcecode.c.objc; path = SGBaseFrameworkTests.m; sourceTree = "<group>"; };
		AA96A91C13CF626E007EC384 /* GTMDefines.h */ = {isa = PBXFileReference; fileEncoding = 4; lastKnownFileType = sourcecode.c.h; path = GTMDefines.h; sourceTree = "<group>"; };
		AA96A91D13CF626E007EC384 /* GTMIPhoneUnitTestDelegate.h */ = {isa = PBXFileReference; fileEncoding = 4; lastKnownFileType = sourcecode.c.h; path = GTMIPhoneUnitTestDelegate.h; sourceTree = "<group>"; };
		AA96A91E13CF626E007EC384 /* GTMIPhoneUnitTestDelegate.m */ = {isa = PBXFileReference; fileEncoding = 4; lastKnownFileType = sourcecode.c.objc; path = GTMIPhoneUnitTestDelegate.m; sourceTree = "<group>"; };
		AA96A91F13CF626E007EC384 /* GTMIPhoneUnitTestMain.m */ = {isa = PBXFileReference; fileEncoding = 4; lastKnownFileType = sourcecode.c.objc; path = GTMIPhoneUnitTestMain.m; sourceTree = "<group>"; };
		AA96A92013CF626E007EC384 /* GTMObjectSingleton.h */ = {isa = PBXFileReference; fileEncoding = 4; lastKnownFileType = sourcecode.c.h; path = GTMObjectSingleton.h; sourceTree = "<group>"; };
		AA96A92113CF626E007EC384 /* GTMSenTestCase.h */ = {isa = PBXFileReference; fileEncoding = 4; lastKnownFileType = sourcecode.c.h; path = GTMSenTestCase.h; sourceTree = "<group>"; };
		AA96A92213CF626E007EC384 /* GTMSenTestCase.m */ = {isa = PBXFileReference; fileEncoding = 4; lastKnownFileType = sourcecode.c.objc; path = GTMSenTestCase.m; sourceTree = "<group>"; };
		AA96A93113CF65BB007EC384 /* SGSafeRelease.h */ = {isa = PBXFileReference; fileEncoding = 4; lastKnownFileType = sourcecode.c.h; path = SGSafeRelease.h; sourceTree = "<group>"; };
		AA96A93E13CF6801007EC384 /* SharedCLController.h */ = {isa = PBXFileReference; fileEncoding = 4; lastKnownFileType = sourcecode.c.h; path = SharedCLController.h; sourceTree = "<group>"; };
		AA96A93F13CF6801007EC384 /* SharedCLController.m */ = {isa = PBXFileReference; fileEncoding = 4; lastKnownFileType = sourcecode.c.objc; path = SharedCLController.m; sourceTree = "<group>"; };
		AA96A94313CF6811007EC384 /* CoreLocation.framework */ = {isa = PBXFileReference; lastKnownFileType = wrapper.framework; name = CoreLocation.framework; path = System/Library/Frameworks/CoreLocation.framework; sourceTree = SDKROOT; };
		AA96A94513CF6826007EC384 /* CoreGraphics.framework */ = {isa = PBXFileReference; lastKnownFileType = wrapper.framework; name = CoreGraphics.framework; path = System/Library/Frameworks/CoreGraphics.framework; sourceTree = SDKROOT; };
		AA96A94713CF6839007EC384 /* UIKit.framework */ = {isa = PBXFileReference; lastKnownFileType = wrapper.framework; name = UIKit.framework; path = System/Library/Frameworks/UIKit.framework; sourceTree = SDKROOT; };
		AA96A94A13CF812F007EC384 /* NSObject+Extensions.h */ = {isa = PBXFileReference; fileEncoding = 4; lastKnownFileType = sourcecode.c.h; path = "NSObject+Extensions.h"; sourceTree = "<group>"; };
		AA96A94B13CF812F007EC384 /* NSObject+Extensions.m */ = {isa = PBXFileReference; fileEncoding = 4; lastKnownFileType = sourcecode.c.objc; path = "NSObject+Extensions.m"; sourceTree = "<group>"; };
		AA96A97913CF8E45007EC384 /* SGBaseFrameworkHeader.h */ = {isa = PBXFileReference; fileEncoding = 4; lastKnownFileType = sourcecode.c.h; path = SGBaseFrameworkHeader.h; sourceTree = "<group>"; };
		AA96A98413CF92D7007EC384 /* SGDictionaryHelper.m */ = {isa = PBXFileReference; fileEncoding = 4; lastKnownFileType = sourcecode.c.objc; path = SGDictionaryHelper.m; sourceTree = "<group>"; };
		AA96A98513CF92D7007EC384 /* SGDictionaryHelper.h */ = {isa = PBXFileReference; fileEncoding = 4; lastKnownFileType = sourcecode.c.h; path = SGDictionaryHelper.h; sourceTree = "<group>"; };
		AAC2F29313D23537009D4EE7 /* QHTTPOperation.h */ = {isa = PBXFileReference; fileEncoding = 4; lastKnownFileType = sourcecode.c.h; path = QHTTPOperation.h; sourceTree = "<group>"; };
		AAC2F29413D23537009D4EE7 /* QHTTPOperation.m */ = {isa = PBXFileReference; fileEncoding = 4; lastKnownFileType = sourcecode.c.objc; path = QHTTPOperation.m; sourceTree = "<group>"; };
		AAC2F29813D23558009D4EE7 /* QRunLoopOperation.h */ = {isa = PBXFileReference; fileEncoding = 4; lastKnownFileType = sourcecode.c.h; path = QRunLoopOperation.h; sourceTree = "<group>"; };
		AAC2F29913D23558009D4EE7 /* QRunLoopOperation.m */ = {isa = PBXFileReference; fileEncoding = 4; lastKnownFileType = sourcecode.c.objc; path = QRunLoopOperation.m; sourceTree = "<group>"; };
		AAC2F29D13D23598009D4EE7 /* Logging.h */ = {isa = PBXFileReference; fileEncoding = 4; lastKnownFileType = sourcecode.c.h; path = Logging.h; sourceTree = "<group>"; };
		AAC2F29E13D23599009D4EE7 /* SGQLog.h */ = {isa = PBXFileReference; fileEncoding = 4; lastKnownFileType = sourcecode.c.h; path = SGQLog.h; sourceTree = "<group>"; };
		AAC2F29F13D23599009D4EE7 /* SGQLog.m */ = {isa = PBXFileReference; fileEncoding = 4; lastKnownFileType = sourcecode.c.objc; path = SGQLog.m; sourceTree = "<group>"; };
		AAC2F2A013D23599009D4EE7 /* SGQLogViewer.h */ = {isa = PBXFileReference; fileEncoding = 4; lastKnownFileType = sourcecode.c.h; path = SGQLogViewer.h; sourceTree = "<group>"; };
		AAC2F2A113D23599009D4EE7 /* SGQLogViewer.m */ = {isa = PBXFileReference; fileEncoding = 4; lastKnownFileType = sourcecode.c.objc; path = SGQLogViewer.m; sourceTree = "<group>"; };
		AAC2F2A213D23599009D4EE7 /* Settings.bundle */ = {isa = PBXFileReference; lastKnownFileType = "wrapper.plug-in"; path = Settings.bundle; sourceTree = "<group>"; };
		AAC2F2AB13D2365F009D4EE7 /* libz.dylib */ = {isa = PBXFileReference; lastKnownFileType = "compiled.mach-o.dylib"; name = libz.dylib; path = usr/lib/libz.dylib; sourceTree = SDKROOT; };
		AAE3145E148150D0004D2ACD /* SGCoreDataController.h */ = {isa = PBXFileReference; fileEncoding = 4; lastKnownFileType = sourcecode.c.h; path = SGCoreDataController.h; sourceTree = "<group>"; };
		AAE3145F148150D0004D2ACD /* SGCoreDataController.m */ = {isa = PBXFileReference; fileEncoding = 4; lastKnownFileType = sourcecode.c.objc; path = SGCoreDataController.m; sourceTree = "<group>"; };
		AAE31460148150D0004D2ACD /* SGCoreDataGrandCentralController.h */ = {isa = PBXFileReference; fileEncoding = 4; lastKnownFileType = sourcecode.c.h; path = SGCoreDataGrandCentralController.h; sourceTree = "<group>"; };
		AAE31461148150D0004D2ACD /* SGCoreDataGrandCentralController.m */ = {isa = PBXFileReference; fileEncoding = 4; lastKnownFileType = sourcecode.c.objc; path = SGCoreDataGrandCentralController.m; sourceTree = "<group>"; };
		AAE3146814815116004D2ACD /* RetryingHTTPOperation.h */ = {isa = PBXFileReference; fileEncoding = 4; lastKnownFileType = sourcecode.c.h; path = RetryingHTTPOperation.h; sourceTree = "<group>"; };
		AAE3146914815117004D2ACD /* RetryingHTTPOperation.m */ = {isa = PBXFileReference; fileEncoding = 4; lastKnownFileType = sourcecode.c.objc; path = RetryingHTTPOperation.m; sourceTree = "<group>"; };
		AAE3146D148152A3004D2ACD /* QReachabilityOperation.h */ = {isa = PBXFileReference; fileEncoding = 4; lastKnownFileType = sourcecode.c.h; path = QReachabilityOperation.h; sourceTree = "<group>"; };
		AAE3146E148152A3004D2ACD /* QReachabilityOperation.m */ = {isa = PBXFileReference; fileEncoding = 4; lastKnownFileType = sourcecode.c.objc; path = QReachabilityOperation.m; sourceTree = "<group>"; };
		AAFAF38113D2ED770037EDD2 /* UncaughtExceptionHandler.h */ = {isa = PBXFileReference; fileEncoding = 4; lastKnownFileType = sourcecode.c.h; path = UncaughtExceptionHandler.h; sourceTree = "<group>"; };
		AAFAF38213D2ED770037EDD2 /* UncaughtExceptionHandler.m */ = {isa = PBXFileReference; fileEncoding = 4; lastKnownFileType = sourcecode.c.objc; path = UncaughtExceptionHandler.m; sourceTree = "<group>"; };
		F5448E2913D6E314000324D8 /* NSString_EmailTest.h */ = {isa = PBXFileReference; fileEncoding = 4; lastKnownFileType = sourcecode.c.h; path = NSString_EmailTest.h; sourceTree = "<group>"; };
		F5448E2A13D6E314000324D8 /* NSString_EmailTest.m */ = {isa = PBXFileReference; fileEncoding = 4; lastKnownFileType = sourcecode.c.objc; path = NSString_EmailTest.m; sourceTree = "<group>"; };
		F573A67E13D486BF006070A8 /* SGMathShortcuts.h */ = {isa = PBXFileReference; fileEncoding = 4; lastKnownFileType = sourcecode.c.h; path = SGMathShortcuts.h; sourceTree = "<group>"; };
		F59D3C7B141A05EE00C3E3A4 /* SGDHelper.h */ = {isa = PBXFileReference; fileEncoding = 4; lastKnownFileType = sourcecode.c.h; path = SGDHelper.h; sourceTree = "<group>"; };
		F59D3C7C141A05EE00C3E3A4 /* SGDHelper.m */ = {isa = PBXFileReference; fileEncoding = 4; lastKnownFileType = sourcecode.c.objc; path = SGDHelper.m; sourceTree = "<group>"; };
		F5A030C213D031D80046A6DA /* GTMBase64.h */ = {isa = PBXFileReference; fileEncoding = 4; lastKnownFileType = sourcecode.c.h; path = GTMBase64.h; sourceTree = "<group>"; };
		F5A030C313D031D80046A6DA /* GTMBase64.m */ = {isa = PBXFileReference; fileEncoding = 4; lastKnownFileType = sourcecode.c.objc; path = GTMBase64.m; sourceTree = "<group>"; };
		F5A030D913D03C0E0046A6DA /* NSString+EMail.h */ = {isa = PBXFileReference; fileEncoding = 4; lastKnownFileType = sourcecode.c.h; path = "NSString+EMail.h"; sourceTree = "<group>"; };
		F5A030DA13D03C0E0046A6DA /* NSString+EMail.m */ = {isa = PBXFileReference; fileEncoding = 4; lastKnownFileType = sourcecode.c.objc; path = "NSString+EMail.m"; sourceTree = "<group>"; };
		F5A030DB13D03C0E0046A6DA /* NSString+HTML.h */ = {isa = PBXFileReference; fileEncoding = 4; lastKnownFileType = sourcecode.c.h; path = "NSString+HTML.h"; sourceTree = "<group>"; };
		F5A030DC13D03C0E0046A6DA /* NSString+HTML.m */ = {isa = PBXFileReference; fileEncoding = 4; lastKnownFileType = sourcecode.c.objc; path = "NSString+HTML.m"; sourceTree = "<group>"; };
/* End PBXFileReference section */

/* Begin PBXFrameworksBuildPhase section */
		AA96A8E813CF5FA4007EC384 /* Frameworks */ = {
			isa = PBXFrameworksBuildPhase;
			buildActionMask = 2147483647;
			files = (
				AAC2F2AC13D2365F009D4EE7 /* libz.dylib in Frameworks */,
				AA96A94813CF6839007EC384 /* UIKit.framework in Frameworks */,
				AA96A94613CF6826007EC384 /* CoreGraphics.framework in Frameworks */,
				AA96A94413CF6811007EC384 /* CoreLocation.framework in Frameworks */,
				AA96A8EF13CF5FA4007EC384 /* Foundation.framework in Frameworks */,
			);
			runOnlyForDeploymentPostprocessing = 0;
		};
		AA96A8F413CF5FA5007EC384 /* Frameworks */ = {
			isa = PBXFrameworksBuildPhase;
			buildActionMask = 2147483647;
			files = (
				AA96A8FA13CF5FA5007EC384 /* SenTestingKit.framework in Frameworks */,
				AA96A8FD13CF5FA5007EC384 /* Foundation.framework in Frameworks */,
				AA96A90213CF5FA5007EC384 /* libSGBaseFramework.a in Frameworks */,
			);
			runOnlyForDeploymentPostprocessing = 0;
		};
/* End PBXFrameworksBuildPhase section */

/* Begin PBXGroup section */
		AA023A4413D1880B0011C1DC /* Application */ = {
			isa = PBXGroup;
			children = (
				AA023A4513D1882C0011C1DC /* SGCoreApplication.h */,
			);
			name = Application;
			sourceTree = "<group>";
		};
		AA023B7213D20F8B0011C1DC /* Operations */ = {
			isa = PBXGroup;
			children = (
				AAE3146D148152A3004D2ACD /* QReachabilityOperation.h */,
				AAE3146E148152A3004D2ACD /* QReachabilityOperation.m */,
				AAE3146814815116004D2ACD /* RetryingHTTPOperation.h */,
				AAE3146914815117004D2ACD /* RetryingHTTPOperation.m */,
				AAC2F29D13D23598009D4EE7 /* Logging.h */,
				AAC2F29E13D23599009D4EE7 /* SGQLog.h */,
				AAC2F29F13D23599009D4EE7 /* SGQLog.m */,
				AAC2F2A013D23599009D4EE7 /* SGQLogViewer.h */,
				AAC2F2A113D23599009D4EE7 /* SGQLogViewer.m */,
				AAC2F2A213D23599009D4EE7 /* Settings.bundle */,
				AAC2F29813D23558009D4EE7 /* QRunLoopOperation.h */,
				AAC2F29913D23558009D4EE7 /* QRunLoopOperation.m */,
				AAC2F29313D23537009D4EE7 /* QHTTPOperation.h */,
				AAC2F29413D23537009D4EE7 /* QHTTPOperation.m */,
				AA023B7C13D211030011C1DC /* SGNetworkManager.h */,
				AA023B7D13D211030011C1DC /* SGNetworkManager.m */,
			);
			name = Operations;
			sourceTree = "<group>";
		};
		AA3B668A1426C5E2004B1DE6 /* CoreText */ = {
			isa = PBXGroup;
			children = (
				AA3B668B1426C661004B1DE6 /* SGCTHelper.h */,
				AA3B668C1426C661004B1DE6 /* SGCTHelper.m */,
			);
			name = CoreText;
			sourceTree = "<group>";
		};
		AA96A8E013CF5FA4007EC384 = {
			isa = PBXGroup;
			children = (
				AA96A8F013CF5FA4007EC384 /* SGBaseFramework */,
				AA96A90313CF5FA5007EC384 /* SGBaseFrameworkTests */,
				AA96A8ED13CF5FA4007EC384 /* Frameworks */,
				AA96A8EC13CF5FA4007EC384 /* Products */,
			);
			sourceTree = "<group>";
		};
		AA96A8EC13CF5FA4007EC384 /* Products */ = {
			isa = PBXGroup;
			children = (
				AA96A8EB13CF5FA4007EC384 /* libSGBaseFramework.a */,
				AA96A8F813CF5FA5007EC384 /* SGBaseFrameworkTests.octest */,
			);
			name = Products;
			sourceTree = "<group>";
		};
		AA96A8ED13CF5FA4007EC384 /* Frameworks */ = {
			isa = PBXGroup;
			children = (
				AAC2F2AB13D2365F009D4EE7 /* libz.dylib */,
				AA96A94713CF6839007EC384 /* UIKit.framework */,
				AA96A94513CF6826007EC384 /* CoreGraphics.framework */,
				AA96A94313CF6811007EC384 /* CoreLocation.framework */,
				AA96A8EE13CF5FA4007EC384 /* Foundation.framework */,
				AA96A8F913CF5FA5007EC384 /* SenTestingKit.framework */,
			);
			name = Frameworks;
			sourceTree = "<group>";
		};
		AA96A8F013CF5FA4007EC384 /* SGBaseFramework */ = {
			isa = PBXGroup;
			children = (
				AAC2F28B13D22F25009D4EE7 /* Three20Inheritance */,
				AA96A97913CF8E45007EC384 /* SGBaseFrameworkHeader.h */,
				AA96A93713CF65CF007EC384 /* Third Party */,
				AA96A91A13CF626E007EC384 /* Classes */,
				AA96A8F113CF5FA4007EC384 /* Supporting Files */,
			);
			path = SGBaseFramework;
			sourceTree = "<group>";
		};
		AA96A8F113CF5FA4007EC384 /* Supporting Files */ = {
			isa = PBXGroup;
			children = (
				AA96A8F213CF5FA4007EC384 /* SGBaseFramework-Prefix.pch */,
			);
			name = "Supporting Files";
			sourceTree = "<group>";
		};
		AA96A90313CF5FA5007EC384 /* SGBaseFrameworkTests */ = {
			isa = PBXGroup;
			children = (
				AA96A90913CF5FA5007EC384 /* SGBaseFrameworkTests.h */,
				AA96A90B13CF5FA5007EC384 /* SGBaseFrameworkTests.m */,
				AA96A90413CF5FA5007EC384 /* Supporting Files */,
			);
			path = SGBaseFrameworkTests;
			sourceTree = "<group>";
		};
		AA96A90413CF5FA5007EC384 /* Supporting Files */ = {
			isa = PBXGroup;
			children = (
				AA96A90513CF5FA5007EC384 /* SGBaseFrameworkTests-Info.plist */,
				AA96A90613CF5FA5007EC384 /* InfoPlist.strings */,
			);
			name = "Supporting Files";
			sourceTree = "<group>";
		};
		AA96A91A13CF626E007EC384 /* Classes */ = {
			isa = PBXGroup;
			children = (
				AA023B7213D20F8B0011C1DC /* Operations */,
				AA96A93813CF65E1007EC384 /* Memory */,
				AAE314281481023A004D2ACD /* Core Data */,
				AA3B668A1426C5E2004B1DE6 /* CoreText */,
				AA96A97E13CF9278007EC384 /* Helpers */,
				F5448E2913D6E314000324D8 /* NSString_EmailTest.h */,
				F5448E2A13D6E314000324D8 /* NSString_EmailTest.m */,
				F573A67C13D48697006070A8 /* Mathematics */,
				AA96A93C13CF674F007EC384 /* Geolocation */,
				AA96A93613CF65C4007EC384 /* Common */,
			);
			path = Classes;
			sourceTree = "<group>";
		};
		AA96A91B13CF626E007EC384 /* GoogleToolkitForMac */ = {
			isa = PBXGroup;
			children = (
				F5A030C213D031D80046A6DA /* GTMBase64.h */,
				F5A030C313D031D80046A6DA /* GTMBase64.m */,
				AA96A91C13CF626E007EC384 /* GTMDefines.h */,
				AA96A91D13CF626E007EC384 /* GTMIPhoneUnitTestDelegate.h */,
				AA96A91E13CF626E007EC384 /* GTMIPhoneUnitTestDelegate.m */,
				AA96A91F13CF626E007EC384 /* GTMIPhoneUnitTestMain.m */,
				AA96A92013CF626E007EC384 /* GTMObjectSingleton.h */,
				AA96A92113CF626E007EC384 /* GTMSenTestCase.h */,
				AA96A92213CF626E007EC384 /* GTMSenTestCase.m */,
			);
			path = GoogleToolkitForMac;
			sourceTree = "<group>";
		};
		AA96A93613CF65C4007EC384 /* Common */ = {
			isa = PBXGroup;
			children = (
				AAFAF38713D2ED7B0037EDD2 /* Debug */,
				AA023A4413D1880B0011C1DC /* Application */,
				AA96A94913CF8114007EC384 /* Additions */,
			);
			name = Common;
			sourceTree = "<group>";
		};
		AA96A93713CF65CF007EC384 /* Third Party */ = {
			isa = PBXGroup;
			children = (
				AA96A91B13CF626E007EC384 /* GoogleToolkitForMac */,
			);
			name = "Third Party";
			path = Classes;
			sourceTree = "<group>";
		};
		AA96A93813CF65E1007EC384 /* Memory */ = {
			isa = PBXGroup;
			children = (
				AA96A93113CF65BB007EC384 /* SGSafeRelease.h */,
			);
			name = Memory;
			sourceTree = "<group>";
		};
		AA96A93C13CF674F007EC384 /* Geolocation */ = {
			isa = PBXGroup;
			children = (
				AA96A93E13CF6801007EC384 /* SharedCLController.h */,
				AA96A93F13CF6801007EC384 /* SharedCLController.m */,
			);
			name = Geolocation;
			sourceTree = "<group>";
		};
		AA96A94913CF8114007EC384 /* Additions */ = {
			isa = PBXGroup;
			children = (
				F5A030CE13D03B5C0046A6DA /* NSObject */,
				F5A030CD13D03B4D0046A6DA /* NSString */,
			);
			name = Additions;
			sourceTree = "<group>";
		};
		AA96A97E13CF9278007EC384 /* Helpers */ = {
			isa = PBXGroup;
			children = (
				AA96A98513CF92D7007EC384 /* SGDictionaryHelper.h */,
				AA96A98413CF92D7007EC384 /* SGDictionaryHelper.m */,
				F59D3C7B141A05EE00C3E3A4 /* SGDHelper.h */,
				F59D3C7C141A05EE00C3E3A4 /* SGDHelper.m */,
			);
			name = Helpers;
			sourceTree = "<group>";
		};
		AAC2F28B13D22F25009D4EE7 /* Three20Inheritance */ = {
			isa = PBXGroup;
			children = (
			);
			path = Three20Inheritance;
			sourceTree = "<group>";
		};
		AAE314281481023A004D2ACD /* Core Data */ = {
			isa = PBXGroup;
			children = (
				AAE3145E148150D0004D2ACD /* SGCoreDataController.h */,
				AAE3145F148150D0004D2ACD /* SGCoreDataController.m */,
				AAE31460148150D0004D2ACD /* SGCoreDataGrandCentralController.h */,
				AAE31461148150D0004D2ACD /* SGCoreDataGrandCentralController.m */,
			);
			name = "Core Data";
			sourceTree = "<group>";
		};
		AAFAF38713D2ED7B0037EDD2 /* Debug */ = {
			isa = PBXGroup;
			children = (
				AAFAF38113D2ED770037EDD2 /* UncaughtExceptionHandler.h */,
				AAFAF38213D2ED770037EDD2 /* UncaughtExceptionHandler.m */,
			);
			name = Debug;
			sourceTree = "<group>";
		};
		F573A67C13D48697006070A8 /* Mathematics */ = {
			isa = PBXGroup;
			children = (
				F573A67E13D486BF006070A8 /* SGMathShortcuts.h */,
			);
			name = Mathematics;
			sourceTree = "<group>";
		};
		F5A030CD13D03B4D0046A6DA /* NSString */ = {
			isa = PBXGroup;
			children = (
				F5A030D913D03C0E0046A6DA /* NSString+EMail.h */,
				F5A030DA13D03C0E0046A6DA /* NSString+EMail.m */,
				F5A030DB13D03C0E0046A6DA /* NSString+HTML.h */,
				F5A030DC13D03C0E0046A6DA /* NSString+HTML.m */,
			);
			name = NSString;
			sourceTree = "<group>";
		};
		F5A030CE13D03B5C0046A6DA /* NSObject */ = {
			isa = PBXGroup;
			children = (
				AA96A94A13CF812F007EC384 /* NSObject+Extensions.h */,
				AA96A94B13CF812F007EC384 /* NSObject+Extensions.m */,
			);
			name = NSObject;
			sourceTree = "<group>";
		};
/* End PBXGroup section */

/* Begin PBXHeadersBuildPhase section */
		AA96A8E913CF5FA4007EC384 /* Headers */ = {
			isa = PBXHeadersBuildPhase;
			buildActionMask = 2147483647;
			files = (
				AA96A92313CF626E007EC384 /* GTMDefines.h in Headers */,
				AA96A97A13CF8E45007EC384 /* SGBaseFrameworkHeader.h in Headers */,
				AA96A92413CF626E007EC384 /* GTMIPhoneUnitTestDelegate.h in Headers */,
				AA96A92913CF626E007EC384 /* GTMObjectSingleton.h in Headers */,
				AA96A92A13CF626E007EC384 /* GTMSenTestCase.h in Headers */,
				AA96A93313CF65BB007EC384 /* SGSafeRelease.h in Headers */,
				AA96A94013CF6801007EC384 /* SharedCLController.h in Headers */,
				AA96A94C13CF812F007EC384 /* NSObject+Extensions.h in Headers */,
				AA96A98813CF92D7007EC384 /* SGDictionaryHelper.h in Headers */,
				F5A030C413D031D80046A6DA /* GTMBase64.h in Headers */,
				F5A030DD13D03C0E0046A6DA /* NSString+EMail.h in Headers */,
				F5A030E013D03C0E0046A6DA /* NSString+HTML.h in Headers */,
				AA023A4613D1882C0011C1DC /* SGCoreApplication.h in Headers */,
				AA023B7E13D211030011C1DC /* SGNetworkManager.h in Headers */,
				AAC2F29513D23537009D4EE7 /* QHTTPOperation.h in Headers */,
				AAC2F29A13D23558009D4EE7 /* QRunLoopOperation.h in Headers */,
				AAC2F2A313D23599009D4EE7 /* Logging.h in Headers */,
				AAC2F2A413D23599009D4EE7 /* SGQLog.h in Headers */,
				AAC2F2A713D23599009D4EE7 /* SGQLogViewer.h in Headers */,
				F573A67F13D486BF006070A8 /* SGMathShortcuts.h in Headers */,
				AAFAF38313D2ED770037EDD2 /* UncaughtExceptionHandler.h in Headers */,
				F59D3C7D141A05EE00C3E3A4 /* SGDHelper.h in Headers */,
				AA3B668D1426C661004B1DE6 /* SGCTHelper.h in Headers */,
				AAE31462148150D0004D2ACD /* SGCoreDataController.h in Headers */,
				AAE31465148150D0004D2ACD /* SGCoreDataGrandCentralController.h in Headers */,
				AAE3146A14815118004D2ACD /* RetryingHTTPOperation.h in Headers */,
				AAE3146F148152A5004D2ACD /* QReachabilityOperation.h in Headers */,
			);
			runOnlyForDeploymentPostprocessing = 0;
		};
/* End PBXHeadersBuildPhase section */

/* Begin PBXNativeTarget section */
		AA96A8EA13CF5FA4007EC384 /* SGBaseFramework */ = {
			isa = PBXNativeTarget;
			buildConfigurationList = AA96A90F13CF5FA5007EC384 /* Build configuration list for PBXNativeTarget "SGBaseFramework" */;
			buildPhases = (
				AA96A8E713CF5FA4007EC384 /* Sources */,
				AA96A8E813CF5FA4007EC384 /* Frameworks */,
				AA96A8E913CF5FA4007EC384 /* Headers */,
			);
			buildRules = (
			);
			dependencies = (
			);
			name = SGBaseFramework;
			productName = SGBaseFramework;
			productReference = AA96A8EB13CF5FA4007EC384 /* libSGBaseFramework.a */;
			productType = "com.apple.product-type.library.static";
		};
		AA96A8F713CF5FA5007EC384 /* SGBaseFrameworkTests */ = {
			isa = PBXNativeTarget;
			buildConfigurationList = AA96A91213CF5FA5007EC384 /* Build configuration list for PBXNativeTarget "SGBaseFrameworkTests" */;
			buildPhases = (
				AA96A8F313CF5FA5007EC384 /* Sources */,
				AA96A8F413CF5FA5007EC384 /* Frameworks */,
				AA96A8F513CF5FA5007EC384 /* Resources */,
				AA96A8F613CF5FA5007EC384 /* ShellScript */,
			);
			buildRules = (
			);
			dependencies = (
				AA96A90113CF5FA5007EC384 /* PBXTargetDependency */,
			);
			name = SGBaseFrameworkTests;
			productName = SGBaseFrameworkTests;
			productReference = AA96A8F813CF5FA5007EC384 /* SGBaseFrameworkTests.octest */;
			productType = "com.apple.product-type.bundle";
		};
/* End PBXNativeTarget section */

/* Begin PBXProject section */
		AA96A8E213CF5FA4007EC384 /* Project object */ = {
			isa = PBXProject;
			attributes = {
				LastUpgradeCheck = 0420;
				ORGANIZATIONNAME = YouMag;
			};
			buildConfigurationList = AA96A8E513CF5FA4007EC384 /* Build configuration list for PBXProject "SGBaseFramework" */;
			compatibilityVersion = "Xcode 3.2";
			developmentRegion = English;
			hasScannedForEncodings = 0;
			knownRegions = (
				en,
			);
			mainGroup = AA96A8E013CF5FA4007EC384;
			productRefGroup = AA96A8EC13CF5FA4007EC384 /* Products */;
			projectDirPath = "";
			projectRoot = "";
			targets = (
				AA96A8EA13CF5FA4007EC384 /* SGBaseFramework */,
				AA96A8F713CF5FA5007EC384 /* SGBaseFrameworkTests */,
			);
		};
/* End PBXProject section */

/* Begin PBXResourcesBuildPhase section */
		AA96A8F513CF5FA5007EC384 /* Resources */ = {
			isa = PBXResourcesBuildPhase;
			buildActionMask = 2147483647;
			files = (
				AA96A90813CF5FA5007EC384 /* InfoPlist.strings in Resources */,
				AA96A90A13CF5FA5007EC384 /* SGBaseFrameworkTests.h in Resources */,
				AAC2F2AA13D23599009D4EE7 /* Settings.bundle in Resources */,
			);
			runOnlyForDeploymentPostprocessing = 0;
		};
/* End PBXResourcesBuildPhase section */

/* Begin PBXShellScriptBuildPhase section */
		AA96A8F613CF5FA5007EC384 /* ShellScript */ = {
			isa = PBXShellScriptBuildPhase;
			buildActionMask = 2147483647;
			files = (
			);
			inputPaths = (
			);
			outputPaths = (
			);
			runOnlyForDeploymentPostprocessing = 0;
			shellPath = /bin/sh;
			shellScript = "# Run the unit tests in this test bundle.\n\"${SYSTEM_DEVELOPER_DIR}/Tools/RunUnitTests\"\n";
		};
/* End PBXShellScriptBuildPhase section */

/* Begin PBXSourcesBuildPhase section */
		AA96A8E713CF5FA4007EC384 /* Sources */ = {
			isa = PBXSourcesBuildPhase;
			buildActionMask = 2147483647;
			files = (
				AA96A92B13CF626E007EC384 /* GTMSenTestCase.m in Sources */,
				AA96A94113CF6801007EC384 /* SharedCLController.m in Sources */,
				AA96A94D13CF812F007EC384 /* NSObject+Extensions.m in Sources */,
				AA96A98613CF92D7007EC384 /* SGDictionaryHelper.m in Sources */,
				F5A030C513D031D80046A6DA /* GTMBase64.m in Sources */,
				F5A030DE13D03C0E0046A6DA /* NSString+EMail.m in Sources */,
				F5A030E113D03C0E0046A6DA /* NSString+HTML.m in Sources */,
				AA023B7F13D211030011C1DC /* SGNetworkManager.m in Sources */,
				AAC2F29613D23537009D4EE7 /* QHTTPOperation.m in Sources */,
				AAC2F29B13D23558009D4EE7 /* QRunLoopOperation.m in Sources */,
				AAC2F2A513D23599009D4EE7 /* SGQLog.m in Sources */,
				AAC2F2A813D23599009D4EE7 /* SGQLogViewer.m in Sources */,
				AAFAF38413D2ED770037EDD2 /* UncaughtExceptionHandler.m in Sources */,
				F59D3C7E141A05EE00C3E3A4 /* SGDHelper.m in Sources */,
				AA3B668E1426C661004B1DE6 /* SGCTHelper.m in Sources */,
				AAE31463148150D0004D2ACD /* SGCoreDataController.m in Sources */,
				AAE31466148150D0004D2ACD /* SGCoreDataGrandCentralController.m in Sources */,
				AAE3146B14815118004D2ACD /* RetryingHTTPOperation.m in Sources */,
				AAE31470148152A5004D2ACD /* QReachabilityOperation.m in Sources */,
			);
			runOnlyForDeploymentPostprocessing = 0;
		};
		AA96A8F313CF5FA5007EC384 /* Sources */ = {
			isa = PBXSourcesBuildPhase;
			buildActionMask = 2147483647;
			files = (
				AA96A90C13CF5FA5007EC384 /* SGBaseFrameworkTests.m in Sources */,
				AA96A92613CF626E007EC384 /* GTMIPhoneUnitTestDelegate.m in Sources */,
				AA96A92813CF626E007EC384 /* GTMIPhoneUnitTestMain.m in Sources */,
				AA96A92C13CF626E007EC384 /* GTMSenTestCase.m in Sources */,
				AA96A94213CF6801007EC384 /* SharedCLController.m in Sources */,
				AA96A94E13CF812F007EC384 /* NSObject+Extensions.m in Sources */,
				AA96A98713CF92D7007EC384 /* SGDictionaryHelper.m in Sources */,
				F5A030DF13D03C0E0046A6DA /* NSString+EMail.m in Sources */,
				F5A030E213D03C0E0046A6DA /* NSString+HTML.m in Sources */,
				AA023B8013D211030011C1DC /* SGNetworkManager.m in Sources */,
				AAC2F29713D23537009D4EE7 /* QHTTPOperation.m in Sources */,
				AAC2F29C13D23558009D4EE7 /* QRunLoopOperation.m in Sources */,
				AAC2F2A613D23599009D4EE7 /* SGQLog.m in Sources */,
				AAC2F2A913D23599009D4EE7 /* SGQLogViewer.m in Sources */,
				F5448E2B13D6E314000324D8 /* NSString_EmailTest.m in Sources */,
				AAFAF38513D2ED770037EDD2 /* UncaughtExceptionHandler.m in Sources */,
				AA3B668F1426C661004B1DE6 /* SGCTHelper.m in Sources */,
				AAE31464148150D0004D2ACD /* SGCoreDataController.m in Sources */,
				AAE31467148150D0004D2ACD /* SGCoreDataGrandCentralController.m in Sources */,
				AAE3146C14815118004D2ACD /* RetryingHTTPOperation.m in Sources */,
				AAE31471148152A5004D2ACD /* QReachabilityOperation.m in Sources */,
			);
			runOnlyForDeploymentPostprocessing = 0;
		};
/* End PBXSourcesBuildPhase section */

/* Begin PBXTargetDependency section */
		AA96A90113CF5FA5007EC384 /* PBXTargetDependency */ = {
			isa = PBXTargetDependency;
			target = AA96A8EA13CF5FA4007EC384 /* SGBaseFramework */;
			targetProxy = AA96A90013CF5FA5007EC384 /* PBXContainerItemProxy */;
		};
/* End PBXTargetDependency section */

/* Begin PBXVariantGroup section */
		AA96A90613CF5FA5007EC384 /* InfoPlist.strings */ = {
			isa = PBXVariantGroup;
			children = (
				AA96A90713CF5FA5007EC384 /* en */,
				AA0239B813D17F7F0011C1DC /* fr */,
			);
			name = InfoPlist.strings;
			sourceTree = "<group>";
		};
/* End PBXVariantGroup section */

/* Begin XCBuildConfiguration section */
		AA96A90D13CF5FA5007EC384 /* Debug */ = {
			isa = XCBuildConfiguration;
			buildSettings = {
				ALWAYS_SEARCH_USER_PATHS = NO;
				ARCHS = "$(ARCHS_STANDARD_32_BIT)";
				CLANG_ENABLE_OBJC_ARC = YES;
				COPY_PHASE_STRIP = NO;
				GCC_C_LANGUAGE_STANDARD = gnu99;
				GCC_DYNAMIC_NO_PIC = NO;
				GCC_OPTIMIZATION_LEVEL = 0;
				GCC_PREPROCESSOR_DEFINITIONS = (
					"DEBUG=1",
					"$(inherited)",
				);
				GCC_SYMBOLS_PRIVATE_EXTERN = NO;
				GCC_VERSION = com.apple.compilers.llvm.clang.1_0;
				GCC_WARN_ABOUT_MISSING_PROTOTYPES = NO;
				GCC_WARN_ABOUT_RETURN_TYPE = YES;
				GCC_WARN_UNUSED_VARIABLE = YES;
				IPHONEOS_DEPLOYMENT_TARGET = 3.2;
				SDKROOT = iphoneos;
				SKIP_INSTALL = YES;
			};
			name = Debug;
		};
		AA96A90E13CF5FA5007EC384 /* Release */ = {
			isa = XCBuildConfiguration;
			buildSettings = {
				ALWAYS_SEARCH_USER_PATHS = NO;
				ARCHS = "$(ARCHS_STANDARD_32_BIT)";
				CLANG_ENABLE_OBJC_ARC = YES;
				COPY_PHASE_STRIP = YES;
				GCC_C_LANGUAGE_STANDARD = gnu99;
				GCC_OPTIMIZATION_LEVEL = 3;
				GCC_VERSION = com.apple.compilers.llvm.clang.1_0;
				GCC_WARN_ABOUT_MISSING_PROTOTYPES = NO;
				GCC_WARN_ABOUT_RETURN_TYPE = YES;
				GCC_WARN_UNUSED_VARIABLE = YES;
				IPHONEOS_DEPLOYMENT_TARGET = 3.2;
				SDKROOT = iphoneos;
				SKIP_INSTALL = YES;
				VALIDATE_PRODUCT = YES;
			};
			name = Release;
		};
		AA96A91013CF5FA5007EC384 /* Debug */ = {
			isa = XCBuildConfiguration;
			buildSettings = {
				CLANG_ENABLE_OBJC_ARC = NO;
				CLANG_WARN_DEPRECATED_OBJC_IMPLEMENTATIONS = YES;
				CLANG_WARN_IMPLICIT_SIGN_CONVERSION = YES;
				CLANG_WARN_OBJCPP_ARC_ABI = NO;
				CLANG_WARN_OBJC_IMPLICIT_ATOMIC_PROPERTIES = YES;
				CLANG_WARN_SUSPICIOUS_IMPLICIT_CONVERSION = YES;
				DSTROOT = /tmp/SGBaseFramework.dst;
				GCC_INCREASE_PRECOMPILED_HEADER_SHARING = YES;
				GCC_PRECOMPILE_PREFIX_HEADER = YES;
				GCC_PREFIX_HEADER = "SGBaseFramework/SGBaseFramework-Prefix.pch";
				GCC_TREAT_IMPLICIT_FUNCTION_DECLARATIONS_AS_ERRORS = YES;
				GCC_WARN_64_TO_32_BIT_CONVERSION = YES;
				GCC_WARN_ABOUT_MISSING_FIELD_INITIALIZERS = YES;
				GCC_WARN_ABOUT_MISSING_NEWLINE = YES;
				GCC_WARN_FOUR_CHARACTER_CONSTANTS = YES;
				GCC_WARN_INITIALIZER_NOT_FULLY_BRACKETED = YES;
				GCC_WARN_MULTIPLE_DEFINITION_TYPES_FOR_SELECTOR = NO;
				GCC_WARN_PEDANTIC = YES;
				GCC_WARN_SHADOW = YES;
				GCC_WARN_SIGN_COMPARE = YES;
				GCC_WARN_UNINITIALIZED_AUTOS = YES;
				GCC_WARN_UNKNOWN_PRAGMAS = YES;
				GCC_WARN_UNUSED_FUNCTION = YES;
				OTHER_LDFLAGS = "-ObjC";
				PRODUCT_NAME = "$(TARGET_NAME)";
				SKIP_INSTALL = YES;
				WARNING_CFLAGS = "-Wall";
			};
			name = Debug;
		};
		AA96A91113CF5FA5007EC384 /* Release */ = {
			isa = XCBuildConfiguration;
			buildSettings = {
				CLANG_ENABLE_OBJC_ARC = NO;
				CLANG_WARN_DEPRECATED_OBJC_IMPLEMENTATIONS = YES;
				CLANG_WARN_IMPLICIT_SIGN_CONVERSION = YES;
				CLANG_WARN_OBJCPP_ARC_ABI = NO;
				CLANG_WARN_OBJC_IMPLICIT_ATOMIC_PROPERTIES = YES;
				CLANG_WARN_SUSPICIOUS_IMPLICIT_CONVERSION = YES;
				DSTROOT = /tmp/SGBaseFramework.dst;
				GCC_INCREASE_PRECOMPILED_HEADER_SHARING = YES;
				GCC_PRECOMPILE_PREFIX_HEADER = YES;
				GCC_PREFIX_HEADER = "SGBaseFramework/SGBaseFramework-Prefix.pch";
				GCC_TREAT_IMPLICIT_FUNCTION_DECLARATIONS_AS_ERRORS = YES;
				GCC_WARN_64_TO_32_BIT_CONVERSION = YES;
				GCC_WARN_ABOUT_MISSING_FIELD_INITIALIZERS = YES;
				GCC_WARN_ABOUT_MISSING_NEWLINE = YES;
				GCC_WARN_FOUR_CHARACTER_CONSTANTS = YES;
				GCC_WARN_INITIALIZER_NOT_FULLY_BRACKETED = YES;
				GCC_WARN_MULTIPLE_DEFINITION_TYPES_FOR_SELECTOR = NO;
				GCC_WARN_PEDANTIC = YES;
				GCC_WARN_SHADOW = YES;
				GCC_WARN_SIGN_COMPARE = YES;
				GCC_WARN_UNINITIALIZED_AUTOS = YES;
				GCC_WARN_UNKNOWN_PRAGMAS = YES;
				GCC_WARN_UNUSED_FUNCTION = YES;
				OTHER_LDFLAGS = "-ObjC";
				PRODUCT_NAME = "$(TARGET_NAME)";
				SKIP_INSTALL = YES;
				WARNING_CFLAGS = "-Wall";
			};
			name = Release;
		};
		AA96A91313CF5FA5007EC384 /* Debug */ = {
			isa = XCBuildConfiguration;
			buildSettings = {
				FRAMEWORK_SEARCH_PATHS = (
					"$(SDKROOT)/Developer/Library/Frameworks",
					"$(DEVELOPER_LIBRARY_DIR)/Frameworks",
				);
				GCC_PRECOMPILE_PREFIX_HEADER = YES;
				GCC_PREFIX_HEADER = "SGBaseFramework/SGBaseFramework-Prefix.pch";
				INFOPLIST_FILE = "SGBaseFrameworkTests/SGBaseFrameworkTests-Info.plist";
				PRODUCT_NAME = "$(TARGET_NAME)";
				WRAPPER_EXTENSION = octest;
			};
			name = Debug;
		};
		AA96A91413CF5FA5007EC384 /* Release */ = {
			isa = XCBuildConfiguration;
			buildSettings = {
				FRAMEWORK_SEARCH_PATHS = (
					"$(SDKROOT)/Developer/Library/Frameworks",
					"$(DEVELOPER_LIBRARY_DIR)/Frameworks",
				);
				GCC_PRECOMPILE_PREFIX_HEADER = YES;
				GCC_PREFIX_HEADER = "SGBaseFramework/SGBaseFramework-Prefix.pch";
				INFOPLIST_FILE = "SGBaseFrameworkTests/SGBaseFrameworkTests-Info.plist";
				PRODUCT_NAME = "$(TARGET_NAME)";
				WRAPPER_EXTENSION = octest;
			};
			name = Release;
		};
/* End XCBuildConfiguration section */

/* Begin XCConfigurationList section */
		AA96A8E513CF5FA4007EC384 /* Build configuration list for PBXProject "SGBaseFramework" */ = {
			isa = XCConfigurationList;
			buildConfigurations = (
				AA96A90D13CF5FA5007EC384 /* Debug */,
				AA96A90E13CF5FA5007EC384 /* Release */,
			);
			defaultConfigurationIsVisible = 0;
			defaultConfigurationName = Release;
		};
		AA96A90F13CF5FA5007EC384 /* Build configuration list for PBXNativeTarget "SGBaseFramework" */ = {
			isa = XCConfigurationList;
			buildConfigurations = (
				AA96A91013CF5FA5007EC384 /* Debug */,
				AA96A91113CF5FA5007EC384 /* Release */,
			);
			defaultConfigurationIsVisible = 0;
			defaultConfigurationName = Release;
		};
		AA96A91213CF5FA5007EC384 /* Build configuration list for PBXNativeTarget "SGBaseFrameworkTests" */ = {
			isa = XCConfigurationList;
			buildConfigurations = (
				AA96A91313CF5FA5007EC384 /* Debug */,
				AA96A91413CF5FA5007EC384 /* Release */,
			);
			defaultConfigurationIsVisible = 0;
			defaultConfigurationName = Release;
		};
/* End XCConfigurationList section */
	};
	rootObject = AA96A8E213CF5FA4007EC384 /* Project object */;
}
